
Microsoft Visual Studio Solution File, Format Version 12.00
# Visual Studio Version 17
VisualStudioVersion = 17.9.34701.34
MinimumVisualStudioVersion = 10.0.40219.1
Project("{8BC9CEB8-8B4A-11D0-8D11-00A0C91BC942}") = "Block1", "Block1\Block1.vcxproj", "{22918E2D-04FE-443E-BE72-0FC759290F77}"
EndProject
Global
	GlobalSection(SolutionConfigurationPlatforms) = preSolution
		Debug|x64 = Debug|x64
		Debug|x86 = Debug|x86
		Release|x64 = Release|x64
		Release|x86 = Release|x86
	EndGlobalSection
	GlobalSection(ProjectConfigurationPlatforms) = postSolution
		{22918E2D-04FE-443E-BE72-0FC759290F77}.Debug|x64.ActiveCfg = Debug|x64
		{22918E2D-04FE-443E-BE72-0FC759290F77}.Debug|x64.Build.0 = Debug|x64
		{22918E2D-04FE-443E-BE72-0FC759290F77}.Debug|x86.ActiveCfg = Debug|Win32
		{22918E2D-04FE-443E-BE72-0FC759290F77}.Debug|x86.Build.0 = Debug|Win32
		{22918E2D-04FE-443E-BE72-0FC759290F77}.Release|x64.ActiveCfg = Release|x64
		{22918E2D-04FE-443E-BE72-0FC759290F77}.Release|x64.Build.0 = Release|x64
		{22918E2D-04FE-443E-BE72-0FC759290F77}.Release|x86.ActiveCfg = Release|Win32
		{22918E2D-04FE-443E-BE72-0FC759290F77}.Release|x86.Build.0 = Release|Win32
	EndGlobalSection
	GlobalSection(SolutionProperties) = preSolution
		HideSolutionNode = FALSE
	EndGlobalSection
	GlobalSection(ExtensibilityGlobals) = postSolution
		SolutionGuid = {CEBC9258-8CD9-43EC-8864-B7D5ADF484A5}
	EndGlobalSection
EndGlobal
